
Microsoft Visual Studio Solution File, Format Version 12.00
# Visual Studio Version 17
VisualStudioVersion = 17.8.34330.188
MinimumVisualStudioVersion = 10.0.40219.1
Project("{FAE04EC0-301F-11D3-BF4B-00C04F79EFBC}") = "FixTrayIcons", "FixTrayIcons\FixTrayIcons.csproj", "{0364F8CA-A932-4A28-99D6-B35170746363}"
EndProject
Global
	GlobalSection(SolutionConfigurationPlatforms) = preSolution
		Debug|Any CPU = Debug|Any CPU
		Release|Any CPU = Release|Any CPU
	EndGlobalSection
	GlobalSection(ProjectConfigurationPlatforms) = postSolution
		{0364F8CA-A932-4A28-99D6-B35170746363}.Debug|Any CPU.ActiveCfg = Debug|Any CPU
		{0364F8CA-A932-4A28-99D6-B35170746363}.Debug|Any CPU.Build.0 = Debug|Any CPU
		{0364F8CA-A932-4A28-99D6-B35170746363}.Release|Any CPU.ActiveCfg = Release|Any CPU
		{0364F8CA-A932-4A28-99D6-B35170746363}.Release|Any CPU.Build.0 = Release|Any CPU
	EndGlobalSection
	GlobalSection(SolutionProperties) = preSolution
		HideSolutionNode = FALSE
	EndGlobalSection
	GlobalSection(ExtensibilityGlobals) = postSolution
		SolutionGuid = {4D2A04FF-B2D3-49C9-87A9-1EC44A1AE355}
	EndGlobalSection
EndGlobal
